
Microsoft Visual Studio Solution File, Format Version 12.00
# Visual Studio Version 16
VisualStudioVersion = 16.0.29613.14
MinimumVisualStudioVersion = 10.0.40219.1
Project("{9A19103F-16F7-4668-BE54-9A1E7A4F7556}") = "4TeamTask.Common", "4TeamTask.Common\4TeamTask.Common.csproj", "{900BEA07-2B4A-4F72-8FAE-2252FB146E2A}"
EndProject
Project("{9A19103F-16F7-4668-BE54-9A1E7A4F7556}") = "4TeamTask.Tests", "4TeamTask.Tests\4TeamTask.Tests.csproj", "{30E36A86-1C55-414C-A201-38B138A766A8}"
EndProject
Project("{9A19103F-16F7-4668-BE54-9A1E7A4F7556}") = "4TeamTask.Services", "4TeamTask.Services\4TeamTask.Services.csproj", "{226DA413-DC82-440A-AF57-57D2D8CB2513}"
EndProject
Project("{9A19103F-16F7-4668-BE54-9A1E7A4F7556}") = "4TeamTask.DataAccess", "4TeamTask.DataAccess\4TeamTask.DataAccess.csproj", "{65693A22-AEEA-442F-9514-FC9AE3D67803}"
EndProject
Project("{9A19103F-16F7-4668-BE54-9A1E7A4F7556}") = "4TeamTask.WebApi", "4TeamTask.WebApi\4TeamTask.WebApi.csproj", "{90A8526F-EA82-44EA-9CB0-56D96CEDC4ED}"
EndProject
Global
	GlobalSection(SolutionConfigurationPlatforms) = preSolution
		Debug|Any CPU = Debug|Any CPU
		Release|Any CPU = Release|Any CPU
	EndGlobalSection
	GlobalSection(ProjectConfigurationPlatforms) = postSolution
		{900BEA07-2B4A-4F72-8FAE-2252FB146E2A}.Debug|Any CPU.ActiveCfg = Debug|Any CPU
		{900BEA07-2B4A-4F72-8FAE-2252FB146E2A}.Debug|Any CPU.Build.0 = Debug|Any CPU
		{900BEA07-2B4A-4F72-8FAE-2252FB146E2A}.Release|Any CPU.ActiveCfg = Release|Any CPU
		{900BEA07-2B4A-4F72-8FAE-2252FB146E2A}.Release|Any CPU.Build.0 = Release|Any CPU
		{30E36A86-1C55-414C-A201-38B138A766A8}.Debug|Any CPU.ActiveCfg = Debug|Any CPU
		{30E36A86-1C55-414C-A201-38B138A766A8}.Debug|Any CPU.Build.0 = Debug|Any CPU
		{30E36A86-1C55-414C-A201-38B138A766A8}.Release|Any CPU.ActiveCfg = Release|Any CPU
		{30E36A86-1C55-414C-A201-38B138A766A8}.Release|Any CPU.Build.0 = Release|Any CPU
		{226DA413-DC82-440A-AF57-57D2D8CB2513}.Debug|Any CPU.ActiveCfg = Debug|Any CPU
		{226DA413-DC82-440A-AF57-57D2D8CB2513}.Debug|Any CPU.Build.0 = Debug|Any CPU
		{226DA413-DC82-440A-AF57-57D2D8CB2513}.Release|Any CPU.ActiveCfg = Release|Any CPU
		{226DA413-DC82-440A-AF57-57D2D8CB2513}.Release|Any CPU.Build.0 = Release|Any CPU
		{65693A22-AEEA-442F-9514-FC9AE3D67803}.Debug|Any CPU.ActiveCfg = Debug|Any CPU
		{65693A22-AEEA-442F-9514-FC9AE3D67803}.Debug|Any CPU.Build.0 = Debug|Any CPU
		{65693A22-AEEA-442F-9514-FC9AE3D67803}.Release|Any CPU.ActiveCfg = Release|Any CPU
		{65693A22-AEEA-442F-9514-FC9AE3D67803}.Release|Any CPU.Build.0 = Release|Any CPU
		{90A8526F-EA82-44EA-9CB0-56D96CEDC4ED}.Debug|Any CPU.ActiveCfg = Debug|Any CPU
		{90A8526F-EA82-44EA-9CB0-56D96CEDC4ED}.Debug|Any CPU.Build.0 = Debug|Any CPU
		{90A8526F-EA82-44EA-9CB0-56D96CEDC4ED}.Release|Any CPU.ActiveCfg = Release|Any CPU
		{90A8526F-EA82-44EA-9CB0-56D96CEDC4ED}.Release|Any CPU.Build.0 = Release|Any CPU
	EndGlobalSection
	GlobalSection(SolutionProperties) = preSolution
		HideSolutionNode = FALSE
	EndGlobalSection
	GlobalSection(ExtensibilityGlobals) = postSolution
		SolutionGuid = {19A30589-6164-46BE-96C8-7CE5FEDEB207}
	EndGlobalSection
EndGlobal
